// !$*UTF8*$!
{
	archiveVersion = 1;
	classes = {
	};
	objectVersion = 50;
	objects = {

/* Begin PBXBuildFile section */
		6605555E2840DA77005BB6DF /* AppDelegate.swift in Sources */ = {isa = PBXBuildFile; fileRef = 6605555D2840DA77005BB6DF /* AppDelegate.swift */; };
		660555602840DA77005BB6DF /* ViewController.swift in Sources */ = {isa = PBXBuildFile; fileRef = 6605555F2840DA77005BB6DF /* ViewController.swift */; };
		660555632840DA77005BB6DF /* Main.storyboard in Resources */ = {isa = PBXBuildFile; fileRef = 660555612840DA77005BB6DF /* Main.storyboard */; };
		660555652840DA79005BB6DF /* Assets.xcassets in Resources */ = {isa = PBXBuildFile; fileRef = 660555642840DA79005BB6DF /* Assets.xcassets */; };
		660555682840DA79005BB6DF /* LaunchScreen.storyboard in Resources */ = {isa = PBXBuildFile; fileRef = 660555662840DA79005BB6DF /* LaunchScreen.storyboard */; };
		660555732840DA79005BB6DF /* project_nhom3_iosTests.swift in Sources */ = {isa = PBXBuildFile; fileRef = 660555722840DA79005BB6DF /* project_nhom3_iosTests.swift */; };
		6605558B2840DC2F005BB6DF /* FMResultSet.m in Sources */ = {isa = PBXBuildFile; fileRef = 660555822840DC2E005BB6DF /* FMResultSet.m */; };
		6605558C2840DC2F005BB6DF /* FMDatabaseAdditions.m in Sources */ = {isa = PBXBuildFile; fileRef = 660555842840DC2E005BB6DF /* FMDatabaseAdditions.m */; };
		6605558D2840DC2F005BB6DF /* FMDatabasePool.m in Sources */ = {isa = PBXBuildFile; fileRef = 660555852840DC2E005BB6DF /* FMDatabasePool.m */; };
		6605558E2840DC2F005BB6DF /* FMDatabaseQueue.m in Sources */ = {isa = PBXBuildFile; fileRef = 660555872840DC2E005BB6DF /* FMDatabaseQueue.m */; };
		6605558F2840DC2F005BB6DF /* FMDatabase.m in Sources */ = {isa = PBXBuildFile; fileRef = 660555882840DC2E005BB6DF /* FMDatabase.m */; };
		660555922840DC6B005BB6DF /* DatabaseLayer.swift in Sources */ = {isa = PBXBuildFile; fileRef = 660555912840DC6B005BB6DF /* DatabaseLayer.swift */; };
		660555952840DCD3005BB6DF /* Product.swift in Sources */ = {isa = PBXBuildFile; fileRef = 660555942840DCD3005BB6DF /* Product.swift */; };
		660555972840DDA4005BB6DF /* MobileTableViewController.swift in Sources */ = {isa = PBXBuildFile; fileRef = 660555962840DDA4005BB6DF /* MobileTableViewController.swift */; };
		660555992840DE38005BB6DF /* Default-568h@2x.png in Resources */ = {isa = PBXBuildFile; fileRef = 660555982840DE38005BB6DF /* Default-568h@2x.png */; };
/* End PBXBuildFile section */

/* Begin PBXContainerItemProxy section */
		6605556F2840DA79005BB6DF /* PBXContainerItemProxy */ = {
			isa = PBXContainerItemProxy;
			containerPortal = 660555522840DA77005BB6DF /* Project object */;
			proxyType = 1;
			remoteGlobalIDString = 660555592840DA77005BB6DF;
			remoteInfo = project_nhom3_ios;
		};
/* End PBXContainerItemProxy section */

/* Begin PBXFileReference section */
		6605555A2840DA77005BB6DF /* project_nhom3_ios.app */ = {isa = PBXFileReference; explicitFileType = wrapper.application; includeInIndex = 0; path = project_nhom3_ios.app; sourceTree = BUILT_PRODUCTS_DIR; };
		6605555D2840DA77005BB6DF /* AppDelegate.swift */ = {isa = PBXFileReference; lastKnownFileType = sourcecode.swift; path = AppDelegate.swift; sourceTree = "<group>"; };
		6605555F2840DA77005BB6DF /* ViewController.swift */ = {isa = PBXFileReference; lastKnownFileType = sourcecode.swift; path = ViewController.swift; sourceTree = "<group>"; };
		660555622840DA77005BB6DF /* Base */ = {isa = PBXFileReference; lastKnownFileType = file.storyboard; name = Base; path = Base.lproj/Main.storyboard; sourceTree = "<group>"; };
		660555642840DA79005BB6DF /* Assets.xcassets */ = {isa = PBXFileReference; lastKnownFileType = folder.assetcatalog; path = Assets.xcassets; sourceTree = "<group>"; };
		660555672840DA79005BB6DF /* Base */ = {isa = PBXFileReference; lastKnownFileType = file.storyboard; name = Base; path = Base.lproj/LaunchScreen.storyboard; sourceTree = "<group>"; };
		660555692840DA79005BB6DF /* Info.plist */ = {isa = PBXFileReference; lastKnownFileType = text.plist.xml; path = Info.plist; sourceTree = "<group>"; };
		6605556E2840DA79005BB6DF /* project_nhom3_iosTests.xctest */ = {isa = PBXFileReference; explicitFileType = wrapper.cfbundle; includeInIndex = 0; path = project_nhom3_iosTests.xctest; sourceTree = BUILT_PRODUCTS_DIR; };
		660555722840DA79005BB6DF /* project_nhom3_iosTests.swift */ = {isa = PBXFileReference; lastKnownFileType = sourcecode.swift; path = project_nhom3_iosTests.swift; sourceTree = "<group>"; };
		660555742840DA79005BB6DF /* Info.plist */ = {isa = PBXFileReference; lastKnownFileType = text.plist.xml; path = Info.plist; sourceTree = "<group>"; };
		6605557F2840DC2D005BB6DF /* project_nhom3_ios-Bridging-Header.h */ = {isa = PBXFileReference; lastKnownFileType = sourcecode.c.h; path = "project_nhom3_ios-Bridging-Header.h"; sourceTree = "<group>"; };
		660555802840DC2E005BB6DF /* FMDatabaseQueue.h */ = {isa = PBXFileReference; fileEncoding = 4; lastKnownFileType = sourcecode.c.h; path = FMDatabaseQueue.h; sourceTree = "<group>"; };
		660555812840DC2E005BB6DF /* FMResultSet.h */ = {isa = PBXFileReference; fileEncoding = 4; lastKnownFileType = sourcecode.c.h; path = FMResultSet.h; sourceTree = "<group>"; };
		660555822840DC2E005BB6DF /* FMResultSet.m */ = {isa = PBXFileReference; fileEncoding = 4; lastKnownFileType = sourcecode.c.objc; path = FMResultSet.m; sourceTree = "<group>"; };
		660555832840DC2E005BB6DF /* FMDatabaseAdditions.h */ = {isa = PBXFileReference; fileEncoding = 4; lastKnownFileType = sourcecode.c.h; path = FMDatabaseAdditions.h; sourceTree = "<group>"; };
		660555842840DC2E005BB6DF /* FMDatabaseAdditions.m */ = {isa = PBXFileReference; fileEncoding = 4; lastKnownFileType = sourcecode.c.objc; path = FMDatabaseAdditions.m; sourceTree = "<group>"; };
		660555852840DC2E005BB6DF /* FMDatabasePool.m */ = {isa = PBXFileReference; fileEncoding = 4; lastKnownFileType = sourcecode.c.objc; path = FMDatabasePool.m; sourceTree = "<group>"; };
		660555862840DC2E005BB6DF /* FMDB.h */ = {isa = PBXFileReference; fileEncoding = 4; lastKnownFileType = sourcecode.c.h; path = FMDB.h; sourceTree = "<group>"; };
		660555872840DC2E005BB6DF /* FMDatabaseQueue.m */ = {isa = PBXFileReference; fileEncoding = 4; lastKnownFileType = sourcecode.c.objc; path = FMDatabaseQueue.m; sourceTree = "<group>"; };
		660555882840DC2E005BB6DF /* FMDatabase.m */ = {isa = PBXFileReference; fileEncoding = 4; lastKnownFileType = sourcecode.c.objc; path = FMDatabase.m; sourceTree = "<group>"; };
		660555892840DC2F005BB6DF /* FMDatabase.h */ = {isa = PBXFileReference; fileEncoding = 4; lastKnownFileType = sourcecode.c.h; path = FMDatabase.h; sourceTree = "<group>"; };
		6605558A2840DC2F005BB6DF /* FMDatabasePool.h */ = {isa = PBXFileReference; fileEncoding = 4; lastKnownFileType = sourcecode.c.h; path = FMDatabasePool.h; sourceTree = "<group>"; };
		660555912840DC6B005BB6DF /* DatabaseLayer.swift */ = {isa = PBXFileReference; lastKnownFileType = sourcecode.swift; path = DatabaseLayer.swift; sourceTree = "<group>"; };
		660555942840DCD3005BB6DF /* Product.swift */ = {isa = PBXFileReference; lastKnownFileType = sourcecode.swift; path = Product.swift; sourceTree = "<group>"; };
		660555962840DDA4005BB6DF /* MobileTableViewController.swift */ = {isa = PBXFileReference; lastKnownFileType = sourcecode.swift; path = MobileTableViewController.swift; sourceTree = "<group>"; };
		660555982840DE38005BB6DF /* Default-568h@2x.png */ = {isa = PBXFileReference; lastKnownFileType = image.png; path = "Default-568h@2x.png"; sourceTree = "<group>"; };
/* End PBXFileReference section */

/* Begin PBXFrameworksBuildPhase section */
		660555572840DA77005BB6DF /* Frameworks */ = {
			isa = PBXFrameworksBuildPhase;
			buildActionMask = 2147483647;
			files = (
			);
			runOnlyForDeploymentPostprocessing = 0;
		};
		6605556B2840DA79005BB6DF /* Frameworks */ = {
			isa = PBXFrameworksBuildPhase;
			buildActionMask = 2147483647;
			files = (
			);
			runOnlyForDeploymentPostprocessing = 0;
		};
/* End PBXFrameworksBuildPhase section */

/* Begin PBXGroup section */
		660555512840DA77005BB6DF = {
			isa = PBXGroup;
			children = (
				660555982840DE38005BB6DF /* Default-568h@2x.png */,
				6605555C2840DA77005BB6DF /* project_nhom3_ios */,
				660555712840DA79005BB6DF /* project_nhom3_iosTests */,
				6605555B2840DA77005BB6DF /* Products */,
			);
			sourceTree = "<group>";
		};
		6605555B2840DA77005BB6DF /* Products */ = {
			isa = PBXGroup;
			children = (
				6605555A2840DA77005BB6DF /* project_nhom3_ios.app */,
				6605556E2840DA79005BB6DF /* project_nhom3_iosTests.xctest */,
			);
			name = Products;
			sourceTree = "<group>";
		};
		6605555C2840DA77005BB6DF /* project_nhom3_ios */ = {
			isa = PBXGroup;
			children = (
				6605555F2840DA77005BB6DF /* ViewController.swift */,
				660555962840DDA4005BB6DF /* MobileTableViewController.swift */,
				660555612840DA77005BB6DF /* Main.storyboard */,
				660555902840DC47005BB6DF /* DAL */,
				6605557E2840DBC9005BB6DF /* FMDB */,
				6605557D2840DB6C005BB6DF /* System file */,
				660555932840DC9F005BB6DF /* DataModels */,
			);
			path = project_nhom3_ios;
			sourceTree = "<group>";
		};
		660555712840DA79005BB6DF /* project_nhom3_iosTests */ = {
			isa = PBXGroup;
			children = (
				660555722840DA79005BB6DF /* project_nhom3_iosTests.swift */,
				660555742840DA79005BB6DF /* Info.plist */,
			);
			path = project_nhom3_iosTests;
			sourceTree = "<group>";
		};
		6605557D2840DB6C005BB6DF /* System file */ = {
			isa = PBXGroup;
			children = (
				6605555D2840DA77005BB6DF /* AppDelegate.swift */,
				660555642840DA79005BB6DF /* Assets.xcassets */,
				660555662840DA79005BB6DF /* LaunchScreen.storyboard */,
				660555692840DA79005BB6DF /* Info.plist */,
			);
			path = "System file";
			sourceTree = "<group>";
		};
		6605557E2840DBC9005BB6DF /* FMDB */ = {
			isa = PBXGroup;
			children = (
				660555892840DC2F005BB6DF /* FMDatabase.h */,
				660555882840DC2E005BB6DF /* FMDatabase.m */,
				660555832840DC2E005BB6DF /* FMDatabaseAdditions.h */,
				660555842840DC2E005BB6DF /* FMDatabaseAdditions.m */,
				6605558A2840DC2F005BB6DF /* FMDatabasePool.h */,
				660555852840DC2E005BB6DF /* FMDatabasePool.m */,
				660555802840DC2E005BB6DF /* FMDatabaseQueue.h */,
				660555872840DC2E005BB6DF /* FMDatabaseQueue.m */,
				660555862840DC2E005BB6DF /* FMDB.h */,
				660555812840DC2E005BB6DF /* FMResultSet.h */,
				660555822840DC2E005BB6DF /* FMResultSet.m */,
				6605557F2840DC2D005BB6DF /* project_nhom3_ios-Bridging-Header.h */,
			);
			path = FMDB;
			sourceTree = "<group>";
		};
		660555902840DC47005BB6DF /* DAL */ = {
			isa = PBXGroup;
			children = (
				660555912840DC6B005BB6DF /* DatabaseLayer.swift */,
			);
			path = DAL;
			sourceTree = "<group>";
		};
		660555932840DC9F005BB6DF /* DataModels */ = {
			isa = PBXGroup;
			children = (
				660555942840DCD3005BB6DF /* Product.swift */,
			);
			name = DataModels;
			sourceTree = "<group>";
		};
/* End PBXGroup section */

/* Begin PBXNativeTarget section */
		660555592840DA77005BB6DF /* project_nhom3_ios */ = {
			isa = PBXNativeTarget;
			buildConfigurationList = 660555772840DA79005BB6DF /* Build configuration list for PBXNativeTarget "project_nhom3_ios" */;
			buildPhases = (
				660555562840DA77005BB6DF /* Sources */,
				660555572840DA77005BB6DF /* Frameworks */,
				660555582840DA77005BB6DF /* Resources */,
			);
			buildRules = (
			);
			dependencies = (
			);
			name = project_nhom3_ios;
			productName = project_nhom3_ios;
			productReference = 6605555A2840DA77005BB6DF /* project_nhom3_ios.app */;
			productType = "com.apple.product-type.application";
		};
		6605556D2840DA79005BB6DF /* project_nhom3_iosTests */ = {
			isa = PBXNativeTarget;
			buildConfigurationList = 6605557A2840DA79005BB6DF /* Build configuration list for PBXNativeTarget "project_nhom3_iosTests" */;
			buildPhases = (
				6605556A2840DA79005BB6DF /* Sources */,
				6605556B2840DA79005BB6DF /* Frameworks */,
				6605556C2840DA79005BB6DF /* Resources */,
			);
			buildRules = (
			);
			dependencies = (
				660555702840DA79005BB6DF /* PBXTargetDependency */,
			);
			name = project_nhom3_iosTests;
			productName = project_nhom3_iosTests;
			productReference = 6605556E2840DA79005BB6DF /* project_nhom3_iosTests.xctest */;
			productType = "com.apple.product-type.bundle.unit-test";
		};
/* End PBXNativeTarget section */

/* Begin PBXProject section */
		660555522840DA77005BB6DF /* Project object */ = {
			isa = PBXProject;
			attributes = {
				LastSwiftUpdateCheck = 1030;
				LastUpgradeCheck = 1030;
				ORGANIZATIONNAME = fit.tdc;
				TargetAttributes = {
					660555592840DA77005BB6DF = {
						CreatedOnToolsVersion = 10.3;
						LastSwiftMigration = 1030;
					};
					6605556D2840DA79005BB6DF = {
						CreatedOnToolsVersion = 10.3;
						TestTargetID = 660555592840DA77005BB6DF;
					};
				};
			};
			buildConfigurationList = 660555552840DA77005BB6DF /* Build configuration list for PBXProject "project_nhom3_ios" */;
			compatibilityVersion = "Xcode 9.3";
			developmentRegion = en;
			hasScannedForEncodings = 0;
			knownRegions = (
				en,
				Base,
			);
			mainGroup = 660555512840DA77005BB6DF;
			productRefGroup = 6605555B2840DA77005BB6DF /* Products */;
			projectDirPath = "";
			projectRoot = "";
			targets = (
				660555592840DA77005BB6DF /* project_nhom3_ios */,
				6605556D2840DA79005BB6DF /* project_nhom3_iosTests */,
			);
		};
/* End PBXProject section */

/* Begin PBXResourcesBuildPhase section */
		660555582840DA77005BB6DF /* Resources */ = {
			isa = PBXResourcesBuildPhase;
			buildActionMask = 2147483647;
			files = (
				660555682840DA79005BB6DF /* LaunchScreen.storyboard in Resources */,
				660555992840DE38005BB6DF /* Default-568h@2x.png in Resources */,
				660555652840DA79005BB6DF /* Assets.xcassets in Resources */,
				660555632840DA77005BB6DF /* Main.storyboard in Resources */,
			);
			runOnlyForDeploymentPostprocessing = 0;
		};
		6605556C2840DA79005BB6DF /* Resources */ = {
			isa = PBXResourcesBuildPhase;
			buildActionMask = 2147483647;
			files = (
			);
			runOnlyForDeploymentPostprocessing = 0;
		};
/* End PBXResourcesBuildPhase section */

/* Begin PBXSourcesBuildPhase section */
		660555562840DA77005BB6DF /* Sources */ = {
			isa = PBXSourcesBuildPhase;
			buildActionMask = 2147483647;
			files = (
				660555922840DC6B005BB6DF /* DatabaseLayer.swift in Sources */,
				6605558B2840DC2F005BB6DF /* FMResultSet.m in Sources */,
				660555952840DCD3005BB6DF /* Product.swift in Sources */,
				660555602840DA77005BB6DF /* ViewController.swift in Sources */,
				6605558D2840DC2F005BB6DF /* FMDatabasePool.m in Sources */,
				6605558F2840DC2F005BB6DF /* FMDatabase.m in Sources */,
				6605555E2840DA77005BB6DF /* AppDelegate.swift in Sources */,
				660555972840DDA4005BB6DF /* MobileTableViewController.swift in Sources */,
				6605558C2840DC2F005BB6DF /* FMDatabaseAdditions.m in Sources */,
				6605558E2840DC2F005BB6DF /* FMDatabaseQueue.m in Sources */,
			);
			runOnlyForDeploymentPostprocessing = 0;
		};
		6605556A2840DA79005BB6DF /* Sources */ = {
			isa = PBXSourcesBuildPhase;
			buildActionMask = 2147483647;
			files = (
				660555732840DA79005BB6DF /* project_nhom3_iosTests.swift in Sources */,
			);
			runOnlyForDeploymentPostprocessing = 0;
		};
/* End PBXSourcesBuildPhase section */

/* Begin PBXTargetDependency section */
		660555702840DA79005BB6DF /* PBXTargetDependency */ = {
			isa = PBXTargetDependency;
			target = 660555592840DA77005BB6DF /* project_nhom3_ios */;
			targetProxy = 6605556F2840DA79005BB6DF /* PBXContainerItemProxy */;
		};
/* End PBXTargetDependency section */

/* Begin PBXVariantGroup section */
		660555612840DA77005BB6DF /* Main.storyboard */ = {
			isa = PBXVariantGroup;
			children = (
				660555622840DA77005BB6DF /* Base */,
			);
			name = Main.storyboard;
			sourceTree = "<group>";
		};
		660555662840DA79005BB6DF /* LaunchScreen.storyboard */ = {
			isa = PBXVariantGroup;
			children = (
				660555672840DA79005BB6DF /* Base */,
			);
			name = LaunchScreen.storyboard;
			sourceTree = "<group>";
		};
/* End PBXVariantGroup section */

/* Begin XCBuildConfiguration section */
		660555752840DA79005BB6DF /* Debug */ = {
			isa = XCBuildConfiguration;
			buildSettings = {
				ALWAYS_SEARCH_USER_PATHS = NO;
				CLANG_ANALYZER_NONNULL = YES;
				CLANG_ANALYZER_NUMBER_OBJECT_CONVERSION = YES_AGGRESSIVE;
				CLANG_CXX_LANGUAGE_STANDARD = "gnu++14";
				CLANG_CXX_LIBRARY = "libc++";
				CLANG_ENABLE_MODULES = YES;
				CLANG_ENABLE_OBJC_ARC = YES;
				CLANG_ENABLE_OBJC_WEAK = YES;
				CLANG_WARN_BLOCK_CAPTURE_AUTORELEASING = YES;
				CLANG_WARN_BOOL_CONVERSION = YES;
				CLANG_WARN_COMMA = YES;
				CLANG_WARN_CONSTANT_CONVERSION = YES;
				CLANG_WARN_DEPRECATED_OBJC_IMPLEMENTATIONS = YES;
				CLANG_WARN_DIRECT_OBJC_ISA_USAGE = YES_ERROR;
				CLANG_WARN_DOCUMENTATION_COMMENTS = YES;
				CLANG_WARN_EMPTY_BODY = YES;
				CLANG_WARN_ENUM_CONVERSION = YES;
				CLANG_WARN_INFINITE_RECURSION = YES;
				CLANG_WARN_INT_CONVERSION = YES;
				CLANG_WARN_NON_LITERAL_NULL_CONVERSION = YES;
				CLANG_WARN_OBJC_IMPLICIT_RETAIN_SELF = YES;
				CLANG_WARN_OBJC_LITERAL_CONVERSION = YES;
				CLANG_WARN_OBJC_ROOT_CLASS = YES_ERROR;
				CLANG_WARN_RANGE_LOOP_ANALYSIS = YES;
				CLANG_WARN_STRICT_PROTOTYPES = YES;
				CLANG_WARN_SUSPICIOUS_MOVE = YES;
				CLANG_WARN_UNGUARDED_AVAILABILITY = YES_AGGRESSIVE;
				CLANG_WARN_UNREACHABLE_CODE = YES;
				CLANG_WARN__DUPLICATE_METHOD_MATCH = YES;
				CODE_SIGN_IDENTITY = "iPhone Developer";
				COPY_PHASE_STRIP = NO;
				DEBUG_INFORMATION_FORMAT = dwarf;
				ENABLE_STRICT_OBJC_MSGSEND = YES;
				ENABLE_TESTABILITY = YES;
				GCC_C_LANGUAGE_STANDARD = gnu11;
				GCC_DYNAMIC_NO_PIC = NO;
				GCC_NO_COMMON_BLOCKS = YES;
				GCC_OPTIMIZATION_LEVEL = 0;
				GCC_PREPROCESSOR_DEFINITIONS = (
					"DEBUG=1",
					"$(inherited)",
				);
				GCC_WARN_64_TO_32_BIT_CONVERSION = YES;
				GCC_WARN_ABOUT_RETURN_TYPE = YES_ERROR;
				GCC_WARN_UNDECLARED_SELECTOR = YES;
				GCC_WARN_UNINITIALIZED_AUTOS = YES_AGGRESSIVE;
				GCC_WARN_UNUSED_FUNCTION = YES;
				GCC_WARN_UNUSED_VARIABLE = YES;
				IPHONEOS_DEPLOYMENT_TARGET = 12.4;
				MTL_ENABLE_DEBUG_INFO = INCLUDE_SOURCE;
				MTL_FAST_MATH = YES;
				ONLY_ACTIVE_ARCH = YES;
				SDKROOT = iphoneos;
				SWIFT_ACTIVE_COMPILATION_CONDITIONS = DEBUG;
				SWIFT_OPTIMIZATION_LEVEL = "-Onone";
			};
			name = Debug;
		};
		660555762840DA79005BB6DF /* Release */ = {
			isa = XCBuildConfiguration;
			buildSettings = {
				ALWAYS_SEARCH_USER_PATHS = NO;
				CLANG_ANALYZER_NONNULL = YES;
				CLANG_ANALYZER_NUMBER_OBJECT_CONVERSION = YES_AGGRESSIVE;
				CLANG_CXX_LANGUAGE_STANDARD = "gnu++14";
				CLANG_CXX_LIBRARY = "libc++";
				CLANG_ENABLE_MODULES = YES;
				CLANG_ENABLE_OBJC_ARC = YES;
				CLANG_ENABLE_OBJC_WEAK = YES;
				CLANG_WARN_BLOCK_CAPTURE_AUTORELEASING = YES;
				CLANG_WARN_BOOL_CONVERSION = YES;
				CLANG_WARN_COMMA = YES;
				CLANG_WARN_CONSTANT_CONVERSION = YES;
				CLANG_WARN_DEPRECATED_OBJC_IMPLEMENTATIONS = YES;
				CLANG_WARN_DIRECT_OBJC_ISA_USAGE = YES_ERROR;
				CLANG_WARN_DOCUMENTATION_COMMENTS = YES;
				CLANG_WARN_EMPTY_BODY = YES;
				CLANG_WARN_ENUM_CONVERSION = YES;
				CLANG_WARN_INFINITE_RECURSION = YES;
				CLANG_WARN_INT_CONVERSION = YES;
				CLANG_WARN_NON_LITERAL_NULL_CONVERSION = YES;
				CLANG_WARN_OBJC_IMPLICIT_RETAIN_SELF = YES;
				CLANG_WARN_OBJC_LITERAL_CONVERSION = YES;
				CLANG_WARN_OBJC_ROOT_CLASS = YES_ERROR;
				CLANG_WARN_RANGE_LOOP_ANALYSIS = YES;
				CLANG_WARN_STRICT_PROTOTYPES = YES;
				CLANG_WARN_SUSPICIOUS_MOVE = YES;
				CLANG_WARN_UNGUARDED_AVAILABILITY = YES_AGGRESSIVE;
				CLANG_WARN_UNREACHABLE_CODE = YES;
				CLANG_WARN__DUPLICATE_METHOD_MATCH = YES;
				CODE_SIGN_IDENTITY = "iPhone Developer";
				COPY_PHASE_STRIP = NO;
				DEBUG_INFORMATION_FORMAT = "dwarf-with-dsym";
				ENABLE_NS_ASSERTIONS = NO;
				ENABLE_STRICT_OBJC_MSGSEND = YES;
				GCC_C_LANGUAGE_STANDARD = gnu11;
				GCC_NO_COMMON_BLOCKS = YES;
				GCC_WARN_64_TO_32_BIT_CONVERSION = YES;
				GCC_WARN_ABOUT_RETURN_TYPE = YES_ERROR;
				GCC_WARN_UNDECLARED_SELECTOR = YES;
				GCC_WARN_UNINITIALIZED_AUTOS = YES_AGGRESSIVE;
				GCC_WARN_UNUSED_FUNCTION = YES;
				GCC_WARN_UNUSED_VARIABLE = YES;
				IPHONEOS_DEPLOYMENT_TARGET = 12.4;
				MTL_ENABLE_DEBUG_INFO = NO;
				MTL_FAST_MATH = YES;
				SDKROOT = iphoneos;
				SWIFT_COMPILATION_MODE = wholemodule;
				SWIFT_OPTIMIZATION_LEVEL = "-O";
				VALIDATE_PRODUCT = YES;
			};
			name = Release;
		};
		660555782840DA79005BB6DF /* Debug */ = {
			isa = XCBuildConfiguration;
			buildSettings = {
				ASSETCATALOG_COMPILER_APPICON_NAME = AppIcon;
				CLANG_ENABLE_MODULES = YES;
				CODE_SIGN_STYLE = Automatic;
				INFOPLIST_FILE = project_nhom3_ios/Info.plist;
				LD_RUNPATH_SEARCH_PATHS = (
					"$(inherited)",
					"@executable_path/Frameworks",
				);
				PRODUCT_BUNDLE_IDENTIFIER = "tdc.edu.vn.project-nhom3-ios";
				PRODUCT_NAME = "$(TARGET_NAME)";
				SWIFT_OBJC_BRIDGING_HEADER = "project_nhom3_ios/FMDB/project_nhom3_ios-Bridging-Header.h";
				SWIFT_OPTIMIZATION_LEVEL = "-Onone";
				SWIFT_VERSION = 5.0;
				TARGETED_DEVICE_FAMILY = "1,2";
			};
			name = Debug;
		};
		660555792840DA79005BB6DF /* Release */ = {
			isa = XCBuildConfiguration;
			buildSettings = {
				ASSETCATALOG_COMPILER_APPICON_NAME = AppIcon;
				CLANG_ENABLE_MODULES = YES;
				CODE_SIGN_STYLE = Automatic;
				INFOPLIST_FILE = project_nhom3_ios/Info.plist;
				LD_RUNPATH_SEARCH_PATHS = (
					"$(inherited)",
					"@executable_path/Frameworks",
				);
				PRODUCT_BUNDLE_IDENTIFIER = "tdc.edu.vn.project-nhom3-ios";
				PRODUCT_NAME = "$(TARGET_NAME)";
				SWIFT_OBJC_BRIDGING_HEADER = "project_nhom3_ios/FMDB/project_nhom3_ios-Bridging-Header.h";
				SWIFT_VERSION = 5.0;
				TARGETED_DEVICE_FAMILY = "1,2";
			};
			name = Release;
		};
		6605557B2840DA79005BB6DF /* Debug */ = {
			isa = XCBuildConfiguration;
			buildSettings = {
				ALWAYS_EMBED_SWIFT_STANDARD_LIBRARIES = YES;
				BUNDLE_LOADER = "$(TEST_HOST)";
				CODE_SIGN_STYLE = Automatic;
				INFOPLIST_FILE = project_nhom3_iosTests/Info.plist;
				LD_RUNPATH_SEARCH_PATHS = (
					"$(inherited)",
					"@executable_path/Frameworks",
					"@loader_path/Frameworks",
				);
				PRODUCT_BUNDLE_IDENTIFIER = "tdc.edu.vn.project-nhom3-iosTests";
				PRODUCT_NAME = "$(TARGET_NAME)";
				SWIFT_VERSION = 5.0;
				TARGETED_DEVICE_FAMILY = "1,2";
				TEST_HOST = "$(BUILT_PRODUCTS_DIR)/project_nhom3_ios.app/project_nhom3_ios";
			};
			name = Debug;
		};
		6605557C2840DA79005BB6DF /* Release */ = {
			isa = XCBuildConfiguration;
			buildSettings = {
				ALWAYS_EMBED_SWIFT_STANDARD_LIBRARIES = YES;
				BUNDLE_LOADER = "$(TEST_HOST)";
				CODE_SIGN_STYLE = Automatic;
				INFOPLIST_FILE = project_nhom3_iosTests/Info.plist;
				LD_RUNPATH_SEARCH_PATHS = (
					"$(inherited)",
					"@executable_path/Frameworks",
					"@loader_path/Frameworks",
				);
				PRODUCT_BUNDLE_IDENTIFIER = "tdc.edu.vn.project-nhom3-iosTests";
				PRODUCT_NAME = "$(TARGET_NAME)";
				SWIFT_VERSION = 5.0;
				TARGETED_DEVICE_FAMILY = "1,2";
				TEST_HOST = "$(BUILT_PRODUCTS_DIR)/project_nhom3_ios.app/project_nhom3_ios";
			};
			name = Release;
		};
/* End XCBuildConfiguration section */

/* Begin XCConfigurationList section */
		660555552840DA77005BB6DF /* Build configuration list for PBXProject "project_nhom3_ios" */ = {
			isa = XCConfigurationList;
			buildConfigurations = (
				660555752840DA79005BB6DF /* Debug */,
				660555762840DA79005BB6DF /* Release */,
			);
			defaultConfigurationIsVisible = 0;
			defaultConfigurationName = Release;
		};
		660555772840DA79005BB6DF /* Build configuration list for PBXNativeTarget "project_nhom3_ios" */ = {
			isa = XCConfigurationList;
			buildConfigurations = (
				660555782840DA79005BB6DF /* Debug */,
				660555792840DA79005BB6DF /* Release */,
			);
			defaultConfigurationIsVisible = 0;
			defaultConfigurationName = Release;
		};
		6605557A2840DA79005BB6DF /* Build configuration list for PBXNativeTarget "project_nhom3_iosTests" */ = {
			isa = XCConfigurationList;
			buildConfigurations = (
				6605557B2840DA79005BB6DF /* Debug */,
				6605557C2840DA79005BB6DF /* Release */,
			);
			defaultConfigurationIsVisible = 0;
			defaultConfigurationName = Release;
		};
/* End XCConfigurationList section */
	};
	rootObject = 660555522840DA77005BB6DF /* Project object */;
}
